// !$*UTF8*$!
{
	archiveVersion = 1;
	classes = {
	};
	objectVersion = 51;
	objects = {

/* Begin PBXBuildFile section */
		1FA58B1619AF4C6F8B79CD4A /* Pods_TWMoments.framework in Frameworks */ = {isa = PBXBuildFile; fileRef = FB1682C3510CA0D8030BCA8A /* Pods_TWMoments.framework */; };
		2C70ACDA25635C5600965B64 /* AppDelegate.swift in Sources */ = {isa = PBXBuildFile; fileRef = 2C70ACD925635C5600965B64 /* AppDelegate.swift */; };
		2C70ACDC25635C5600965B64 /* SceneDelegate.swift in Sources */ = {isa = PBXBuildFile; fileRef = 2C70ACDB25635C5600965B64 /* SceneDelegate.swift */; };
		2C70ACDE25635C5600965B64 /* ViewController.swift in Sources */ = {isa = PBXBuildFile; fileRef = 2C70ACDD25635C5600965B64 /* ViewController.swift */; };
		2C70ACE125635C5600965B64 /* Main.storyboard in Resources */ = {isa = PBXBuildFile; fileRef = 2C70ACDF25635C5600965B64 /* Main.storyboard */; };
		2C70ACE325635C5900965B64 /* Assets.xcassets in Resources */ = {isa = PBXBuildFile; fileRef = 2C70ACE225635C5900965B64 /* Assets.xcassets */; };
		2C70ACE625635C5900965B64 /* LaunchScreen.storyboard in Resources */ = {isa = PBXBuildFile; fileRef = 2C70ACE425635C5900965B64 /* LaunchScreen.storyboard */; };
		2C70ACF125635C5A00965B64 /* TWMomentsTests.swift in Sources */ = {isa = PBXBuildFile; fileRef = 2C70ACF025635C5A00965B64 /* TWMomentsTests.swift */; };
		2C70ACFC25635C5A00965B64 /* TWMomentsUITests.swift in Sources */ = {isa = PBXBuildFile; fileRef = 2C70ACFB25635C5A00965B64 /* TWMomentsUITests.swift */; };
		2C70AD0A256362E100965B64 /* TWMTableViewHeader.swift in Sources */ = {isa = PBXBuildFile; fileRef = 2C70AD09256362E100965B64 /* TWMTableViewHeader.swift */; };
		2C70AD0C256367D800965B64 /* TWMExtension.swift in Sources */ = {isa = PBXBuildFile; fileRef = 2C70AD0B256367D800965B64 /* TWMExtension.swift */; };
		2C70AD0E25636A1800965B64 /* TWMImageDownloader.swift in Sources */ = {isa = PBXBuildFile; fileRef = 2C70AD0D25636A1800965B64 /* TWMImageDownloader.swift */; };
		2C70AD1025639CD000965B64 /* Security.framework in Frameworks */ = {isa = PBXBuildFile; fileRef = 2C70AD0F25639CCF00965B64 /* Security.framework */; };
		2C70AD122563A4B500965B64 /* place_holder.png in Resources */ = {isa = PBXBuildFile; fileRef = 2C70AD112563A4B500965B64 /* place_holder.png */; };
		2C70AD142563AC5D00965B64 /* TWMModelClass.swift in Sources */ = {isa = PBXBuildFile; fileRef = 2C70AD132563AC5D00965B64 /* TWMModelClass.swift */; };
		2C70AD162563E45000965B64 /* TWMTableViewCell.swift in Sources */ = {isa = PBXBuildFile; fileRef = 2C70AD152563E45000965B64 /* TWMTableViewCell.swift */; };
		2C70AD182563E87E00965B64 /* TWMPhotoContainerView.swift in Sources */ = {isa = PBXBuildFile; fileRef = 2C70AD172563E87E00965B64 /* TWMPhotoContainerView.swift */; };
		2C70AD1A2565117E00965B64 /* TWMCommentContainerView.swift in Sources */ = {isa = PBXBuildFile; fileRef = 2C70AD192565117E00965B64 /* TWMCommentContainerView.swift */; };
		2C71337925660D2100A005FD /* TWMRefreshAndLoadView.swift in Sources */ = {isa = PBXBuildFile; fileRef = 2C71337825660D2100A005FD /* TWMRefreshAndLoadView.swift */; };
		2C71337B25661A2C00A005FD /* loading.gif in Resources */ = {isa = PBXBuildFile; fileRef = 2C71337A25661A2C00A005FD /* loading.gif */; };
		46B728387808F29B352969DF /* Pods_TWMoments_TWMomentsUITests.framework in Frameworks */ = {isa = PBXBuildFile; fileRef = E6AEED98111194D6F88FB807 /* Pods_TWMoments_TWMomentsUITests.framework */; };
		9D35777BC31F5AD9A59EA0DB /* Pods_TWMomentsTests.framework in Frameworks */ = {isa = PBXBuildFile; fileRef = ACCBF9FED96951018D063397 /* Pods_TWMomentsTests.framework */; };
/* End PBXBuildFile section */

/* Begin PBXContainerItemProxy section */
		2C70ACED25635C5A00965B64 /* PBXContainerItemProxy */ = {
			isa = PBXContainerItemProxy;
			containerPortal = 2C70ACCE25635C5600965B64 /* Project object */;
			proxyType = 1;
			remoteGlobalIDString = 2C70ACD525635C5600965B64;
			remoteInfo = TWMoments;
		};
		2C70ACF825635C5A00965B64 /* PBXContainerItemProxy */ = {
			isa = PBXContainerItemProxy;
			containerPortal = 2C70ACCE25635C5600965B64 /* Project object */;
			proxyType = 1;
			remoteGlobalIDString = 2C70ACD525635C5600965B64;
			remoteInfo = TWMoments;
		};
/* End PBXContainerItemProxy section */

/* Begin PBXFileReference section */
		0C7EC4E384D3CF4EBF31B11E /* Pods-TWMoments-TWMomentsUITests.release.xcconfig */ = {isa = PBXFileReference; includeInIndex = 1; lastKnownFileType = text.xcconfig; name = "Pods-TWMoments-TWMomentsUITests.release.xcconfig"; path = "Target Support Files/Pods-TWMoments-TWMomentsUITests/Pods-TWMoments-TWMomentsUITests.release.xcconfig"; sourceTree = "<group>"; };
		26A2B2AA447653A5BCB4D37D /* Pods-TWMomentsTests.debug.xcconfig */ = {isa = PBXFileReference; includeInIndex = 1; lastKnownFileType = text.xcconfig; name = "Pods-TWMomentsTests.debug.xcconfig"; path = "Target Support Files/Pods-TWMomentsTests/Pods-TWMomentsTests.debug.xcconfig"; sourceTree = "<group>"; };
		2C70ACD625635C5600965B64 /* TWMoments.app */ = {isa = PBXFileReference; explicitFileType = wrapper.application; includeInIndex = 0; path = TWMoments.app; sourceTree = BUILT_PRODUCTS_DIR; };
		2C70ACD925635C5600965B64 /* AppDelegate.swift */ = {isa = PBXFileReference; lastKnownFileType = sourcecode.swift; path = AppDelegate.swift; sourceTree = "<group>"; };
		2C70ACDB25635C5600965B64 /* SceneDelegate.swift */ = {isa = PBXFileReference; lastKnownFileType = sourcecode.swift; path = SceneDelegate.swift; sourceTree = "<group>"; };
		2C70ACDD25635C5600965B64 /* ViewController.swift */ = {isa = PBXFileReference; lastKnownFileType = sourcecode.swift; path = ViewController.swift; sourceTree = "<group>"; };
		2C70ACE025635C5600965B64 /* Base */ = {isa = PBXFileReference; lastKnownFileType = file.storyboard; name = Base; path = Base.lproj/Main.storyboard; sourceTree = "<group>"; };
		2C70ACE225635C5900965B64 /* Assets.xcassets */ = {isa = PBXFileReference; lastKnownFileType = folder.assetcatalog; path = Assets.xcassets; sourceTree = "<group>"; };
		2C70ACE525635C5900965B64 /* Base */ = {isa = PBXFileReference; lastKnownFileType = file.storyboard; name = Base; path = Base.lproj/LaunchScreen.storyboard; sourceTree = "<group>"; };
		2C70ACE725635C5900965B64 /* Info.plist */ = {isa = PBXFileReference; lastKnownFileType = text.plist.xml; path = Info.plist; sourceTree = "<group>"; };
		2C70ACEC25635C5A00965B64 /* TWMomentsTests.xctest */ = {isa = PBXFileReference; explicitFileType = wrapper.cfbundle; includeInIndex = 0; path = TWMomentsTests.xctest; sourceTree = BUILT_PRODUCTS_DIR; };
		2C70ACF025635C5A00965B64 /* TWMomentsTests.swift */ = {isa = PBXFileReference; lastKnownFileType = sourcecode.swift; path = TWMomentsTests.swift; sourceTree = "<group>"; };
		2C70ACF225635C5A00965B64 /* Info.plist */ = {isa = PBXFileReference; lastKnownFileType = text.plist.xml; path = Info.plist; sourceTree = "<group>"; };
		2C70ACF725635C5A00965B64 /* TWMomentsUITests.xctest */ = {isa = PBXFileReference; explicitFileType = wrapper.cfbundle; includeInIndex = 0; path = TWMomentsUITests.xctest; sourceTree = BUILT_PRODUCTS_DIR; };
		2C70ACFB25635C5A00965B64 /* TWMomentsUITests.swift */ = {isa = PBXFileReference; lastKnownFileType = sourcecode.swift; path = TWMomentsUITests.swift; sourceTree = "<group>"; };
		2C70ACFD25635C5A00965B64 /* Info.plist */ = {isa = PBXFileReference; lastKnownFileType = text.plist.xml; path = Info.plist; sourceTree = "<group>"; };
		2C70AD09256362E100965B64 /* TWMTableViewHeader.swift */ = {isa = PBXFileReference; lastKnownFileType = sourcecode.swift; path = TWMTableViewHeader.swift; sourceTree = "<group>"; };
		2C70AD0B256367D800965B64 /* TWMExtension.swift */ = {isa = PBXFileReference; lastKnownFileType = sourcecode.swift; path = TWMExtension.swift; sourceTree = "<group>"; };
		2C70AD0D25636A1800965B64 /* TWMImageDownloader.swift */ = {isa = PBXFileReference; lastKnownFileType = sourcecode.swift; path = TWMImageDownloader.swift; sourceTree = "<group>"; };
		2C70AD0F25639CCF00965B64 /* Security.framework */ = {isa = PBXFileReference; lastKnownFileType = wrapper.framework; name = Security.framework; path = System/Library/Frameworks/Security.framework; sourceTree = SDKROOT; };
		2C70AD112563A4B500965B64 /* place_holder.png */ = {isa = PBXFileReference; lastKnownFileType = image.png; path = place_holder.png; sourceTree = "<group>"; };
		2C70AD132563AC5D00965B64 /* TWMModelClass.swift */ = {isa = PBXFileReference; lastKnownFileType = sourcecode.swift; path = TWMModelClass.swift; sourceTree = "<group>"; };
		2C70AD152563E45000965B64 /* TWMTableViewCell.swift */ = {isa = PBXFileReference; lastKnownFileType = sourcecode.swift; path = TWMTableViewCell.swift; sourceTree = "<group>"; };
		2C70AD172563E87E00965B64 /* TWMPhotoContainerView.swift */ = {isa = PBXFileReference; lastKnownFileType = sourcecode.swift; path = TWMPhotoContainerView.swift; sourceTree = "<group>"; };
		2C70AD192565117E00965B64 /* TWMCommentContainerView.swift */ = {isa = PBXFileReference; lastKnownFileType = sourcecode.swift; path = TWMCommentContainerView.swift; sourceTree = "<group>"; };
		2C71337825660D2100A005FD /* TWMRefreshAndLoadView.swift */ = {isa = PBXFileReference; fileEncoding = 4; lastKnownFileType = sourcecode.swift; path = TWMRefreshAndLoadView.swift; sourceTree = "<group>"; };
		2C71337A25661A2C00A005FD /* loading.gif */ = {isa = PBXFileReference; lastKnownFileType = image.gif; path = loading.gif; sourceTree = "<group>"; };
		3BD1D57A62A2B40CA38CB53E /* Pods-TWMomentsTests.release.xcconfig */ = {isa = PBXFileReference; includeInIndex = 1; lastKnownFileType = text.xcconfig; name = "Pods-TWMomentsTests.release.xcconfig"; path = "Target Support Files/Pods-TWMomentsTests/Pods-TWMomentsTests.release.xcconfig"; sourceTree = "<group>"; };
		3FE4FFB4C16850E08F44A930 /* Pods-TWMoments-TWMomentsUITests.debug.xcconfig */ = {isa = PBXFileReference; includeInIndex = 1; lastKnownFileType = text.xcconfig; name = "Pods-TWMoments-TWMomentsUITests.debug.xcconfig"; path = "Target Support Files/Pods-TWMoments-TWMomentsUITests/Pods-TWMoments-TWMomentsUITests.debug.xcconfig"; sourceTree = "<group>"; };
		86D431E2A4C2AFBE03FC3BE1 /* Pods-TWMoments.debug.xcconfig */ = {isa = PBXFileReference; includeInIndex = 1; lastKnownFileType = text.xcconfig; name = "Pods-TWMoments.debug.xcconfig"; path = "Target Support Files/Pods-TWMoments/Pods-TWMoments.debug.xcconfig"; sourceTree = "<group>"; };
		ACCBF9FED96951018D063397 /* Pods_TWMomentsTests.framework */ = {isa = PBXFileReference; explicitFileType = wrapper.framework; includeInIndex = 0; path = Pods_TWMomentsTests.framework; sourceTree = BUILT_PRODUCTS_DIR; };
		E6AEED98111194D6F88FB807 /* Pods_TWMoments_TWMomentsUITests.framework */ = {isa = PBXFileReference; explicitFileType = wrapper.framework; includeInIndex = 0; path = Pods_TWMoments_TWMomentsUITests.framework; sourceTree = BUILT_PRODUCTS_DIR; };
		E93540FD1542BD2B674573D2 /* Pods-TWMoments.release.xcconfig */ = {isa = PBXFileReference; includeInIndex = 1; lastKnownFileType = text.xcconfig; name = "Pods-TWMoments.release.xcconfig"; path = "Target Support Files/Pods-TWMoments/Pods-TWMoments.release.xcconfig"; sourceTree = "<group>"; };
		FB1682C3510CA0D8030BCA8A /* Pods_TWMoments.framework */ = {isa = PBXFileReference; explicitFileType = wrapper.framework; includeInIndex = 0; path = Pods_TWMoments.framework; sourceTree = BUILT_PRODUCTS_DIR; };
/* End PBXFileReference section */

/* Begin PBXFrameworksBuildPhase section */
		2C70ACD325635C5600965B64 /* Frameworks */ = {
			isa = PBXFrameworksBuildPhase;
			buildActionMask = 2147483647;
			files = (
				2C70AD1025639CD000965B64 /* Security.framework in Frameworks */,
				1FA58B1619AF4C6F8B79CD4A /* Pods_TWMoments.framework in Frameworks */,
			);
			runOnlyForDeploymentPostprocessing = 0;
		};
		2C70ACE925635C5A00965B64 /* Frameworks */ = {
			isa = PBXFrameworksBuildPhase;
			buildActionMask = 2147483647;
			files = (
				9D35777BC31F5AD9A59EA0DB /* Pods_TWMomentsTests.framework in Frameworks */,
			);
			runOnlyForDeploymentPostprocessing = 0;
		};
		2C70ACF425635C5A00965B64 /* Frameworks */ = {
			isa = PBXFrameworksBuildPhase;
			buildActionMask = 2147483647;
			files = (
				46B728387808F29B352969DF /* Pods_TWMoments_TWMomentsUITests.framework in Frameworks */,
			);
			runOnlyForDeploymentPostprocessing = 0;
		};
/* End PBXFrameworksBuildPhase section */

/* Begin PBXGroup section */
		2C70ACCD25635C5600965B64 = {
			isa = PBXGroup;
			children = (
				2C70ACD825635C5600965B64 /* TWMoments */,
				2C70ACEF25635C5A00965B64 /* TWMomentsTests */,
				2C70ACFA25635C5A00965B64 /* TWMomentsUITests */,
				2C70ACD725635C5600965B64 /* Products */,
				2D8832A6A13F2C4D97855E0D /* Pods */,
				AE891E43D6750AC2A2AACFC6 /* Frameworks */,
			);
			sourceTree = "<group>";
		};
		2C70ACD725635C5600965B64 /* Products */ = {
			isa = PBXGroup;
			children = (
				2C70ACD625635C5600965B64 /* TWMoments.app */,
				2C70ACEC25635C5A00965B64 /* TWMomentsTests.xctest */,
				2C70ACF725635C5A00965B64 /* TWMomentsUITests.xctest */,
			);
			name = Products;
			sourceTree = "<group>";
		};
		2C70ACD825635C5600965B64 /* TWMoments */ = {
			isa = PBXGroup;
			children = (
				2C70AD112563A4B500965B64 /* place_holder.png */,
				2C71337A25661A2C00A005FD /* loading.gif */,
				2C70ACD925635C5600965B64 /* AppDelegate.swift */,
				2C70ACDB25635C5600965B64 /* SceneDelegate.swift */,
				2C70ACDD25635C5600965B64 /* ViewController.swift */,
				2C70AD0B256367D800965B64 /* TWMExtension.swift */,
				2C70AD132563AC5D00965B64 /* TWMModelClass.swift */,
				2C70AD0D25636A1800965B64 /* TWMImageDownloader.swift */,
				2C70AD09256362E100965B64 /* TWMTableViewHeader.swift */,
				2C70AD152563E45000965B64 /* TWMTableViewCell.swift */,
				2C70AD172563E87E00965B64 /* TWMPhotoContainerView.swift */,
				2C70AD192565117E00965B64 /* TWMCommentContainerView.swift */,
				2C71337825660D2100A005FD /* TWMRefreshAndLoadView.swift */,
				2C70ACDF25635C5600965B64 /* Main.storyboard */,
				2C70ACE225635C5900965B64 /* Assets.xcassets */,
				2C70ACE425635C5900965B64 /* LaunchScreen.storyboard */,
				2C70ACE725635C5900965B64 /* Info.plist */,
			);
			path = TWMoments;
			sourceTree = "<group>";
		};
		2C70ACEF25635C5A00965B64 /* TWMomentsTests */ = {
			isa = PBXGroup;
			children = (
				2C70ACF025635C5A00965B64 /* TWMomentsTests.swift */,
				2C70ACF225635C5A00965B64 /* Info.plist */,
			);
			path = TWMomentsTests;
			sourceTree = "<group>";
		};
		2C70ACFA25635C5A00965B64 /* TWMomentsUITests */ = {
			isa = PBXGroup;
			children = (
				2C70ACFB25635C5A00965B64 /* TWMomentsUITests.swift */,
				2C70ACFD25635C5A00965B64 /* Info.plist */,
			);
			path = TWMomentsUITests;
			sourceTree = "<group>";
		};
		2D8832A6A13F2C4D97855E0D /* Pods */ = {
			isa = PBXGroup;
			children = (
				86D431E2A4C2AFBE03FC3BE1 /* Pods-TWMoments.debug.xcconfig */,
				E93540FD1542BD2B674573D2 /* Pods-TWMoments.release.xcconfig */,
				3FE4FFB4C16850E08F44A930 /* Pods-TWMoments-TWMomentsUITests.debug.xcconfig */,
				0C7EC4E384D3CF4EBF31B11E /* Pods-TWMoments-TWMomentsUITests.release.xcconfig */,
				26A2B2AA447653A5BCB4D37D /* Pods-TWMomentsTests.debug.xcconfig */,
				3BD1D57A62A2B40CA38CB53E /* Pods-TWMomentsTests.release.xcconfig */,
			);
			path = Pods;
			sourceTree = "<group>";
		};
		AE891E43D6750AC2A2AACFC6 /* Frameworks */ = {
			isa = PBXGroup;
			children = (
				2C70AD0F25639CCF00965B64 /* Security.framework */,
				FB1682C3510CA0D8030BCA8A /* Pods_TWMoments.framework */,
				E6AEED98111194D6F88FB807 /* Pods_TWMoments_TWMomentsUITests.framework */,
				ACCBF9FED96951018D063397 /* Pods_TWMomentsTests.framework */,
			);
			name = Frameworks;
			sourceTree = "<group>";
		};
/* End PBXGroup section */

/* Begin PBXNativeTarget section */
		2C70ACD525635C5600965B64 /* TWMoments */ = {
			isa = PBXNativeTarget;
			buildConfigurationList = 2C70AD0025635C5A00965B64 /* Build configuration list for PBXNativeTarget "TWMoments" */;
			buildPhases = (
				359B433BB11E7A8BC753595A /* [CP] Check Pods Manifest.lock */,
				2C70ACD225635C5600965B64 /* Sources */,
				2C70ACD325635C5600965B64 /* Frameworks */,
				2C70ACD425635C5600965B64 /* Resources */,
				52B50C33C8CDD5B413D253F8 /* [CP] Embed Pods Frameworks */,
			);
			buildRules = (
			);
			dependencies = (
			);
			name = TWMoments;
			productName = TWMoments;
			productReference = 2C70ACD625635C5600965B64 /* TWMoments.app */;
			productType = "com.apple.product-type.application";
		};
		2C70ACEB25635C5A00965B64 /* TWMomentsTests */ = {
			isa = PBXNativeTarget;
			buildConfigurationList = 2C70AD0325635C5A00965B64 /* Build configuration list for PBXNativeTarget "TWMomentsTests" */;
			buildPhases = (
				DA34136DBDD3E1E691CC3C58 /* [CP] Check Pods Manifest.lock */,
				2C70ACE825635C5A00965B64 /* Sources */,
				2C70ACE925635C5A00965B64 /* Frameworks */,
				2C70ACEA25635C5A00965B64 /* Resources */,
			);
			buildRules = (
			);
			dependencies = (
				2C70ACEE25635C5A00965B64 /* PBXTargetDependency */,
			);
			name = TWMomentsTests;
			productName = TWMomentsTests;
			productReference = 2C70ACEC25635C5A00965B64 /* TWMomentsTests.xctest */;
			productType = "com.apple.product-type.bundle.unit-test";
		};
		2C70ACF625635C5A00965B64 /* TWMomentsUITests */ = {
			isa = PBXNativeTarget;
			buildConfigurationList = 2C70AD0625635C5A00965B64 /* Build configuration list for PBXNativeTarget "TWMomentsUITests" */;
			buildPhases = (
				471EFDFDADDA1DA1C78789A7 /* [CP] Check Pods Manifest.lock */,
				2C70ACF325635C5A00965B64 /* Sources */,
				2C70ACF425635C5A00965B64 /* Frameworks */,
				2C70ACF525635C5A00965B64 /* Resources */,
				3A7D9DE20E3ABE2D362DDC50 /* [CP] Embed Pods Frameworks */,
			);
			buildRules = (
			);
			dependencies = (
				2C70ACF925635C5A00965B64 /* PBXTargetDependency */,
			);
			name = TWMomentsUITests;
			productName = TWMomentsUITests;
			productReference = 2C70ACF725635C5A00965B64 /* TWMomentsUITests.xctest */;
			productType = "com.apple.product-type.bundle.ui-testing";
		};
/* End PBXNativeTarget section */

/* Begin PBXProject section */
		2C70ACCE25635C5600965B64 /* Project object */ = {
			isa = PBXProject;
			attributes = {
				LastSwiftUpdateCheck = 1170;
				LastUpgradeCheck = 1170;
				ORGANIZATIONNAME = "蔡源";
				TargetAttributes = {
					2C70ACD525635C5600965B64 = {
						CreatedOnToolsVersion = 11.7;
					};
					2C70ACEB25635C5A00965B64 = {
						CreatedOnToolsVersion = 11.7;
						TestTargetID = 2C70ACD525635C5600965B64;
					};
					2C70ACF625635C5A00965B64 = {
						CreatedOnToolsVersion = 11.7;
						TestTargetID = 2C70ACD525635C5600965B64;
					};
				};
			};
			buildConfigurationList = 2C70ACD125635C5600965B64 /* Build configuration list for PBXProject "TWMoments" */;
			compatibilityVersion = "Xcode 9.3";
			developmentRegion = en;
			hasScannedForEncodings = 0;
			knownRegions = (
				en,
				Base,
			);
			mainGroup = 2C70ACCD25635C5600965B64;
			productRefGroup = 2C70ACD725635C5600965B64 /* Products */;
			projectDirPath = "";
			projectRoot = "";
			targets = (
				2C70ACD525635C5600965B64 /* TWMoments */,
				2C70ACEB25635C5A00965B64 /* TWMomentsTests */,
				2C70ACF625635C5A00965B64 /* TWMomentsUITests */,
			);
		};
/* End PBXProject section */

/* Begin PBXResourcesBuildPhase section */
		2C70ACD425635C5600965B64 /* Resources */ = {
			isa = PBXResourcesBuildPhase;
			buildActionMask = 2147483647;
			files = (
				2C70ACE625635C5900965B64 /* LaunchScreen.storyboard in Resources */,
				2C70AD122563A4B500965B64 /* place_holder.png in Resources */,
				2C71337B25661A2C00A005FD /* loading.gif in Resources */,
				2C70ACE325635C5900965B64 /* Assets.xcassets in Resources */,
				2C70ACE125635C5600965B64 /* Main.storyboard in Resources */,
			);
			runOnlyForDeploymentPostprocessing = 0;
		};
		2C70ACEA25635C5A00965B64 /* Resources */ = {
			isa = PBXResourcesBuildPhase;
			buildActionMask = 2147483647;
			files = (
			);
			runOnlyForDeploymentPostprocessing = 0;
		};
		2C70ACF525635C5A00965B64 /* Resources */ = {
			isa = PBXResourcesBuildPhase;
			buildActionMask = 2147483647;
			files = (
			);
			runOnlyForDeploymentPostprocessing = 0;
		};
/* End PBXResourcesBuildPhase section */

/* Begin PBXShellScriptBuildPhase section */
		359B433BB11E7A8BC753595A /* [CP] Check Pods Manifest.lock */ = {
			isa = PBXShellScriptBuildPhase;
			buildActionMask = 2147483647;
			files = (
			);
			inputFileListPaths = (
			);
			inputPaths = (
				"${PODS_PODFILE_DIR_PATH}/Podfile.lock",
				"${PODS_ROOT}/Manifest.lock",
			);
			name = "[CP] Check Pods Manifest.lock";
			outputFileListPaths = (
			);
			outputPaths = (
				"$(DERIVED_FILE_DIR)/Pods-TWMoments-checkManifestLockResult.txt",
			);
			runOnlyForDeploymentPostprocessing = 0;
			shellPath = /bin/sh;
			shellScript = "diff \"${PODS_PODFILE_DIR_PATH}/Podfile.lock\" \"${PODS_ROOT}/Manifest.lock\" > /dev/null\nif [ $? != 0 ] ; then\n    # print error to STDERR\n    echo \"error: The sandbox is not in sync with the Podfile.lock. Run 'pod install' or update your CocoaPods installation.\" >&2\n    exit 1\nfi\n# This output is used by Xcode 'outputs' to avoid re-running this script phase.\necho \"SUCCESS\" > \"${SCRIPT_OUTPUT_FILE_0}\"\n";
			showEnvVarsInLog = 0;
		};
		3A7D9DE20E3ABE2D362DDC50 /* [CP] Embed Pods Frameworks */ = {
			isa = PBXShellScriptBuildPhase;
			buildActionMask = 2147483647;
			files = (
			);
			inputFileListPaths = (
				"${PODS_ROOT}/Target Support Files/Pods-TWMoments-TWMomentsUITests/Pods-TWMoments-TWMomentsUITests-frameworks-${CONFIGURATION}-input-files.xcfilelist",
			);
			name = "[CP] Embed Pods Frameworks";
			outputFileListPaths = (
				"${PODS_ROOT}/Target Support Files/Pods-TWMoments-TWMomentsUITests/Pods-TWMoments-TWMomentsUITests-frameworks-${CONFIGURATION}-output-files.xcfilelist",
			);
			runOnlyForDeploymentPostprocessing = 0;
			shellPath = /bin/sh;
			shellScript = "\"${PODS_ROOT}/Target Support Files/Pods-TWMoments-TWMomentsUITests/Pods-TWMoments-TWMomentsUITests-frameworks.sh\"\n";
			showEnvVarsInLog = 0;
		};
		471EFDFDADDA1DA1C78789A7 /* [CP] Check Pods Manifest.lock */ = {
			isa = PBXShellScriptBuildPhase;
			buildActionMask = 2147483647;
			files = (
			);
			inputFileListPaths = (
			);
			inputPaths = (
				"${PODS_PODFILE_DIR_PATH}/Podfile.lock",
				"${PODS_ROOT}/Manifest.lock",
			);
			name = "[CP] Check Pods Manifest.lock";
			outputFileListPaths = (
			);
			outputPaths = (
				"$(DERIVED_FILE_DIR)/Pods-TWMoments-TWMomentsUITests-checkManifestLockResult.txt",
			);
			runOnlyForDeploymentPostprocessing = 0;
			shellPath = /bin/sh;
			shellScript = "diff \"${PODS_PODFILE_DIR_PATH}/Podfile.lock\" \"${PODS_ROOT}/Manifest.lock\" > /dev/null\nif [ $? != 0 ] ; then\n    # print error to STDERR\n    echo \"error: The sandbox is not in sync with the Podfile.lock. Run 'pod install' or update your CocoaPods installation.\" >&2\n    exit 1\nfi\n# This output is used by Xcode 'outputs' to avoid re-running this script phase.\necho \"SUCCESS\" > \"${SCRIPT_OUTPUT_FILE_0}\"\n";
			showEnvVarsInLog = 0;
		};
		52B50C33C8CDD5B413D253F8 /* [CP] Embed Pods Frameworks */ = {
			isa = PBXShellScriptBuildPhase;
			buildActionMask = 2147483647;
			files = (
			);
			inputFileListPaths = (
				"${PODS_ROOT}/Target Support Files/Pods-TWMoments/Pods-TWMoments-frameworks-${CONFIGURATION}-input-files.xcfilelist",
			);
			name = "[CP] Embed Pods Frameworks";
			outputFileListPaths = (
				"${PODS_ROOT}/Target Support Files/Pods-TWMoments/Pods-TWMoments-frameworks-${CONFIGURATION}-output-files.xcfilelist",
			);
			runOnlyForDeploymentPostprocessing = 0;
			shellPath = /bin/sh;
			shellScript = "\"${PODS_ROOT}/Target Support Files/Pods-TWMoments/Pods-TWMoments-frameworks.sh\"\n";
			showEnvVarsInLog = 0;
		};
		DA34136DBDD3E1E691CC3C58 /* [CP] Check Pods Manifest.lock */ = {
			isa = PBXShellScriptBuildPhase;
			buildActionMask = 2147483647;
			files = (
			);
			inputFileListPaths = (
			);
			inputPaths = (
				"${PODS_PODFILE_DIR_PATH}/Podfile.lock",
				"${PODS_ROOT}/Manifest.lock",
			);
			name = "[CP] Check Pods Manifest.lock";
			outputFileListPaths = (
			);
			outputPaths = (
				"$(DERIVED_FILE_DIR)/Pods-TWMomentsTests-checkManifestLockResult.txt",
			);
			runOnlyForDeploymentPostprocessing = 0;
			shellPath = /bin/sh;
			shellScript = "diff \"${PODS_PODFILE_DIR_PATH}/Podfile.lock\" \"${PODS_ROOT}/Manifest.lock\" > /dev/null\nif [ $? != 0 ] ; then\n    # print error to STDERR\n    echo \"error: The sandbox is not in sync with the Podfile.lock. Run 'pod install' or update your CocoaPods installation.\" >&2\n    exit 1\nfi\n# This output is used by Xcode 'outputs' to avoid re-running this script phase.\necho \"SUCCESS\" > \"${SCRIPT_OUTPUT_FILE_0}\"\n";
			showEnvVarsInLog = 0;
		};
/* End PBXShellScriptBuildPhase section */

/* Begin PBXSourcesBuildPhase section */
		2C70ACD225635C5600965B64 /* Sources */ = {
			isa = PBXSourcesBuildPhase;
			buildActionMask = 2147483647;
			files = (
				2C70ACDE25635C5600965B64 /* ViewController.swift in Sources */,
				2C70AD0E25636A1800965B64 /* TWMImageDownloader.swift in Sources */,
				2C70ACDA25635C5600965B64 /* AppDelegate.swift in Sources */,
				2C70ACDC25635C5600965B64 /* SceneDelegate.swift in Sources */,
				2C70AD182563E87E00965B64 /* TWMPhotoContainerView.swift in Sources */,
				2C70AD1A2565117E00965B64 /* TWMCommentContainerView.swift in Sources */,
				2C70AD162563E45000965B64 /* TWMTableViewCell.swift in Sources */,
				2C70AD142563AC5D00965B64 /* TWMModelClass.swift in Sources */,
				2C70AD0C256367D800965B64 /* TWMExtension.swift in Sources */,
				2C70AD0A256362E100965B64 /* TWMTableViewHeader.swift in Sources */,
				2C71337925660D2100A005FD /* TWMRefreshAndLoadView.swift in Sources */,
			);
			runOnlyForDeploymentPostprocessing = 0;
		};
		2C70ACE825635C5A00965B64 /* Sources */ = {
			isa = PBXSourcesBuildPhase;
			buildActionMask = 2147483647;
			files = (
				2C70ACF125635C5A00965B64 /* TWMomentsTests.swift in Sources */,
			);
			runOnlyForDeploymentPostprocessing = 0;
		};
		2C70ACF325635C5A00965B64 /* Sources */ = {
			isa = PBXSourcesBuildPhase;
			buildActionMask = 2147483647;
			files = (
				2C70ACFC25635C5A00965B64 /* TWMomentsUITests.swift in Sources */,
			);
			runOnlyForDeploymentPostprocessing = 0;
		};
/* End PBXSourcesBuildPhase section */

/* Begin PBXTargetDependency section */
		2C70ACEE25635C5A00965B64 /* PBXTargetDependency */ = {
			isa = PBXTargetDependency;
			target = 2C70ACD525635C5600965B64 /* TWMoments */;
			targetProxy = 2C70ACED25635C5A00965B64 /* PBXContainerItemProxy */;
		};
		2C70ACF925635C5A00965B64 /* PBXTargetDependency */ = {
			isa = PBXTargetDependency;
			target = 2C70ACD525635C5600965B64 /* TWMoments */;
			targetProxy = 2C70ACF825635C5A00965B64 /* PBXContainerItemProxy */;
		};
/* End PBXTargetDependency section */

/* Begin PBXVariantGroup section */
		2C70ACDF25635C5600965B64 /* Main.storyboard */ = {
			isa = PBXVariantGroup;
			children = (
				2C70ACE025635C5600965B64 /* Base */,
			);
			name = Main.storyboard;
			sourceTree = "<group>";
		};
		2C70ACE425635C5900965B64 /* LaunchScreen.storyboard */ = {
			isa = PBXVariantGroup;
			children = (
				2C70ACE525635C5900965B64 /* Base */,
			);
			name = LaunchScreen.storyboard;
			sourceTree = "<group>";
		};
/* End PBXVariantGroup section */

/* Begin XCBuildConfiguration section */
		2C70ACFE25635C5A00965B64 /* Debug */ = {
			isa = XCBuildConfiguration;
			buildSettings = {
				ALWAYS_SEARCH_USER_PATHS = NO;
				CLANG_ANALYZER_NONNULL = YES;
				CLANG_ANALYZER_NUMBER_OBJECT_CONVERSION = YES_AGGRESSIVE;
				CLANG_CXX_LANGUAGE_STANDARD = "gnu++14";
				CLANG_CXX_LIBRARY = "libc++";
				CLANG_ENABLE_MODULES = YES;
				CLANG_ENABLE_OBJC_ARC = YES;
				CLANG_ENABLE_OBJC_WEAK = YES;
				CLANG_WARN_BLOCK_CAPTURE_AUTORELEASING = YES;
				CLANG_WARN_BOOL_CONVERSION = YES;
				CLANG_WARN_COMMA = YES;
				CLANG_WARN_CONSTANT_CONVERSION = YES;
				CLANG_WARN_DEPRECATED_OBJC_IMPLEMENTATIONS = YES;
				CLANG_WARN_DIRECT_OBJC_ISA_USAGE = YES_ERROR;
				CLANG_WARN_DOCUMENTATION_COMMENTS = YES;
				CLANG_WARN_EMPTY_BODY = YES;
				CLANG_WARN_ENUM_CONVERSION = YES;
				CLANG_WARN_INFINITE_RECURSION = YES;
				CLANG_WARN_INT_CONVERSION = YES;
				CLANG_WARN_NON_LITERAL_NULL_CONVERSION = YES;
				CLANG_WARN_OBJC_IMPLICIT_RETAIN_SELF = YES;
				CLANG_WARN_OBJC_LITERAL_CONVERSION = YES;
				CLANG_WARN_OBJC_ROOT_CLASS = YES_ERROR;
				CLANG_WARN_RANGE_LOOP_ANALYSIS = YES;
				CLANG_WARN_STRICT_PROTOTYPES = YES;
				CLANG_WARN_SUSPICIOUS_MOVE = YES;
				CLANG_WARN_UNGUARDED_AVAILABILITY = YES_AGGRESSIVE;
				CLANG_WARN_UNREACHABLE_CODE = YES;
				CLANG_WARN__DUPLICATE_METHOD_MATCH = YES;
				COPY_PHASE_STRIP = NO;
				DEBUG_INFORMATION_FORMAT = dwarf;
				ENABLE_STRICT_OBJC_MSGSEND = YES;
				ENABLE_TESTABILITY = YES;
				GCC_C_LANGUAGE_STANDARD = gnu11;
				GCC_DYNAMIC_NO_PIC = NO;
				GCC_NO_COMMON_BLOCKS = YES;
				GCC_OPTIMIZATION_LEVEL = 0;
				GCC_PREPROCESSOR_DEFINITIONS = (
					"DEBUG=1",
					"$(inherited)",
				);
				GCC_WARN_64_TO_32_BIT_CONVERSION = YES;
				GCC_WARN_ABOUT_RETURN_TYPE = YES_ERROR;
				GCC_WARN_UNDECLARED_SELECTOR = YES;
				GCC_WARN_UNINITIALIZED_AUTOS = YES_AGGRESSIVE;
				GCC_WARN_UNUSED_FUNCTION = YES;
				GCC_WARN_UNUSED_VARIABLE = YES;
				IPHONEOS_DEPLOYMENT_TARGET = 13.0;
				MTL_ENABLE_DEBUG_INFO = INCLUDE_SOURCE;
				MTL_FAST_MATH = YES;
				ONLY_ACTIVE_ARCH = YES;
				SDKROOT = iphoneos;
				SWIFT_ACTIVE_COMPILATION_CONDITIONS = DEBUG;
				SWIFT_OPTIMIZATION_LEVEL = "-Onone";
			};
			name = Debug;
		};
		2C70ACFF25635C5A00965B64 /* Release */ = {
			isa = XCBuildConfiguration;
			buildSettings = {
				ALWAYS_SEARCH_USER_PATHS = NO;
				CLANG_ANALYZER_NONNULL = YES;
				CLANG_ANALYZER_NUMBER_OBJECT_CONVERSION = YES_AGGRESSIVE;
				CLANG_CXX_LANGUAGE_STANDARD = "gnu++14";
				CLANG_CXX_LIBRARY = "libc++";
				CLANG_ENABLE_MODULES = YES;
				CLANG_ENABLE_OBJC_ARC = YES;
				CLANG_ENABLE_OBJC_WEAK = YES;
				CLANG_WARN_BLOCK_CAPTURE_AUTORELEASING = YES;
				CLANG_WARN_BOOL_CONVERSION = YES;
				CLANG_WARN_COMMA = YES;
				CLANG_WARN_CONSTANT_CONVERSION = YES;
				CLANG_WARN_DEPRECATED_OBJC_IMPLEMENTATIONS = YES;
				CLANG_WARN_DIRECT_OBJC_ISA_USAGE = YES_ERROR;
				CLANG_WARN_DOCUMENTATION_COMMENTS = YES;
				CLANG_WARN_EMPTY_BODY = YES;
				CLANG_WARN_ENUM_CONVERSION = YES;
				CLANG_WARN_INFINITE_RECURSION = YES;
				CLANG_WARN_INT_CONVERSION = YES;
				CLANG_WARN_NON_LITERAL_NULL_CONVERSION = YES;
				CLANG_WARN_OBJC_IMPLICIT_RETAIN_SELF = YES;
				CLANG_WARN_OBJC_LITERAL_CONVERSION = YES;
				CLANG_WARN_OBJC_ROOT_CLASS = YES_ERROR;
				CLANG_WARN_RANGE_LOOP_ANALYSIS = YES;
				CLANG_WARN_STRICT_PROTOTYPES = YES;
				CLANG_WARN_SUSPICIOUS_MOVE = YES;
				CLANG_WARN_UNGUARDED_AVAILABILITY = YES_AGGRESSIVE;
				CLANG_WARN_UNREACHABLE_CODE = YES;
				CLANG_WARN__DUPLICATE_METHOD_MATCH = YES;
				COPY_PHASE_STRIP = NO;
				DEBUG_INFORMATION_FORMAT = "dwarf-with-dsym";
				ENABLE_NS_ASSERTIONS = NO;
				ENABLE_STRICT_OBJC_MSGSEND = YES;
				GCC_C_LANGUAGE_STANDARD = gnu11;
				GCC_NO_COMMON_BLOCKS = YES;
				GCC_WARN_64_TO_32_BIT_CONVERSION = YES;
				GCC_WARN_ABOUT_RETURN_TYPE = YES_ERROR;
				GCC_WARN_UNDECLARED_SELECTOR = YES;
				GCC_WARN_UNINITIALIZED_AUTOS = YES_AGGRESSIVE;
				GCC_WARN_UNUSED_FUNCTION = YES;
				GCC_WARN_UNUSED_VARIABLE = YES;
				IPHONEOS_DEPLOYMENT_TARGET = 13.0;
				MTL_ENABLE_DEBUG_INFO = NO;
				MTL_FAST_MATH = YES;
				SDKROOT = iphoneos;
				SWIFT_COMPILATION_MODE = wholemodule;
				SWIFT_OPTIMIZATION_LEVEL = "-O";
				VALIDATE_PRODUCT = YES;
			};
			name = Release;
		};
		2C70AD0125635C5A00965B64 /* Debug */ = {
			isa = XCBuildConfiguration;
			baseConfigurationReference = 86D431E2A4C2AFBE03FC3BE1 /* Pods-TWMoments.debug.xcconfig */;
			buildSettings = {
				ASSETCATALOG_COMPILER_APPICON_NAME = AppIcon;
				CODE_SIGN_STYLE = Automatic;
				DEVELOPMENT_TEAM = N25852FM8A;
				INFOPLIST_FILE = TWMoments/Info.plist;
				LD_RUNPATH_SEARCH_PATHS = (
					"$(inherited)",
					"@executable_path/Frameworks",
				);
				PRODUCT_BUNDLE_IDENTIFIER = com.test.moment;
				PRODUCT_NAME = "$(TARGET_NAME)";
				SWIFT_VERSION = 5.0;
				TARGETED_DEVICE_FAMILY = "1,2";
			};
			name = Debug;
		};
		2C70AD0225635C5A00965B64 /* Release */ = {
			isa = XCBuildConfiguration;
			baseConfigurationReference = E93540FD1542BD2B674573D2 /* Pods-TWMoments.release.xcconfig */;
			buildSettings = {
				ASSETCATALOG_COMPILER_APPICON_NAME = AppIcon;
				CODE_SIGN_STYLE = Automatic;
				DEVELOPMENT_TEAM = N25852FM8A;
				INFOPLIST_FILE = TWMoments/Info.plist;
				LD_RUNPATH_SEARCH_PATHS = (
					"$(inherited)",
					"@executable_path/Frameworks",
				);
				PRODUCT_BUNDLE_IDENTIFIER = com.test.moment;
				PRODUCT_NAME = "$(TARGET_NAME)";
				SWIFT_VERSION = 5.0;
				TARGETED_DEVICE_FAMILY = "1,2";
			};
			name = Release;
		};
		2C70AD0425635C5A00965B64 /* Debug */ = {
			isa = XCBuildConfiguration;
			baseConfigurationReference = 26A2B2AA447653A5BCB4D37D /* Pods-TWMomentsTests.debug.xcconfig */;
			buildSettings = {
				ALWAYS_EMBED_SWIFT_STANDARD_LIBRARIES = YES;
				BUNDLE_LOADER = "$(TEST_HOST)";
				CODE_SIGN_STYLE = Automatic;
				DEVELOPMENT_TEAM = N25852FM8A;
				INFOPLIST_FILE = TWMomentsTests/Info.plist;
				IPHONEOS_DEPLOYMENT_TARGET = 13.7;
				LD_RUNPATH_SEARCH_PATHS = (
					"$(inherited)",
					"@executable_path/Frameworks",
					"@loader_path/Frameworks",
				);
				PRODUCT_BUNDLE_IDENTIFIER = com.test.TWMomentsTests;
				PRODUCT_NAME = "$(TARGET_NAME)";
				SWIFT_VERSION = 5.0;
				TARGETED_DEVICE_FAMILY = "1,2";
				TEST_HOST = "$(BUILT_PRODUCTS_DIR)/TWMoments.app/TWMoments";
			};
			name = Debug;
		};
		2C70AD0525635C5A00965B64 /* Release */ = {
			isa = XCBuildConfiguration;
			baseConfigurationReference = 3BD1D57A62A2B40CA38CB53E /* Pods-TWMomentsTests.release.xcconfig */;
			buildSettings = {
				ALWAYS_EMBED_SWIFT_STANDARD_LIBRARIES = YES;
				BUNDLE_LOADER = "$(TEST_HOST)";
				CODE_SIGN_STYLE = Automatic;
				DEVELOPMENT_TEAM = N25852FM8A;
				INFOPLIST_FILE = TWMomentsTests/Info.plist;
				IPHONEOS_DEPLOYMENT_TARGET = 13.7;
				LD_RUNPATH_SEARCH_PATHS = (
					"$(inherited)",
					"@executable_path/Frameworks",
					"@loader_path/Frameworks",
				);
				PRODUCT_BUNDLE_IDENTIFIER = com.test.TWMomentsTests;
				PRODUCT_NAME = "$(TARGET_NAME)";
				SWIFT_VERSION = 5.0;
				TARGETED_DEVICE_FAMILY = "1,2";
				TEST_HOST = "$(BUILT_PRODUCTS_DIR)/TWMoments.app/TWMoments";
			};
			name = Release;
		};
		2C70AD0725635C5A00965B64 /* Debug */ = {
			isa = XCBuildConfiguration;
			baseConfigurationReference = 3FE4FFB4C16850E08F44A930 /* Pods-TWMoments-TWMomentsUITests.debug.xcconfig */;
			buildSettings = {
				ALWAYS_EMBED_SWIFT_STANDARD_LIBRARIES = YES;
				CODE_SIGN_STYLE = Automatic;
				DEVELOPMENT_TEAM = N25852FM8A;
				INFOPLIST_FILE = TWMomentsUITests/Info.plist;
				LD_RUNPATH_SEARCH_PATHS = (
					"$(inherited)",
					"@executable_path/Frameworks",
					"@loader_path/Frameworks",
				);
				PRODUCT_BUNDLE_IDENTIFIER = com.test.TWMomentsUITests;
				PRODUCT_NAME = "$(TARGET_NAME)";
				SWIFT_VERSION = 5.0;
				TARGETED_DEVICE_FAMILY = "1,2";
				TEST_TARGET_NAME = TWMoments;
			};
			name = Debug;
		};
		2C70AD0825635C5A00965B64 /* Release */ = {
			isa = XCBuildConfiguration;
			baseConfigurationReference = 0C7EC4E384D3CF4EBF31B11E /* Pods-TWMoments-TWMomentsUITests.release.xcconfig */;
			buildSettings = {
				ALWAYS_EMBED_SWIFT_STANDARD_LIBRARIES = YES;
				CODE_SIGN_STYLE = Automatic;
				DEVELOPMENT_TEAM = N25852FM8A;
				INFOPLIST_FILE = TWMomentsUITests/Info.plist;
				LD_RUNPATH_SEARCH_PATHS = (
					"$(inherited)",
					"@executable_path/Frameworks",
					"@loader_path/Frameworks",
				);
				PRODUCT_BUNDLE_IDENTIFIER = com.test.TWMomentsUITests;
				PRODUCT_NAME = "$(TARGET_NAME)";
				SWIFT_VERSION = 5.0;
				TARGETED_DEVICE_FAMILY = "1,2";
				TEST_TARGET_NAME = TWMoments;
			};
			name = Release;
		};
/* End XCBuildConfiguration section */

/* Begin XCConfigurationList section */
		2C70ACD125635C5600965B64 /* Build configuration list for PBXProject "TWMoments" */ = {
			isa = XCConfigurationList;
			buildConfigurations = (
				2C70ACFE25635C5A00965B64 /* Debug */,
				2C70ACFF25635C5A00965B64 /* Release */,
			);
			defaultConfigurationIsVisible = 0;
			defaultConfigurationName = Release;
		};
		2C70AD0025635C5A00965B64 /* Build configuration list for PBXNativeTarget "TWMoments" */ = {
			isa = XCConfigurationList;
			buildConfigurations = (
				2C70AD0125635C5A00965B64 /* Debug */,
				2C70AD0225635C5A00965B64 /* Release */,
			);
			defaultConfigurationIsVisible = 0;
			defaultConfigurationName = Release;
		};
		2C70AD0325635C5A00965B64 /* Build configuration list for PBXNativeTarget "TWMomentsTests" */ = {
			isa = XCConfigurationList;
			buildConfigurations = (
				2C70AD0425635C5A00965B64 /* Debug */,
				2C70AD0525635C5A00965B64 /* Release */,
			);
			defaultConfigurationIsVisible = 0;
			defaultConfigurationName = Release;
		};
		2C70AD0625635C5A00965B64 /* Build configuration list for PBXNativeTarget "TWMomentsUITests" */ = {
			isa = XCConfigurationList;
			buildConfigurations = (
				2C70AD0725635C5A00965B64 /* Debug */,
				2C70AD0825635C5A00965B64 /* Release */,
			);
			defaultConfigurationIsVisible = 0;
			defaultConfigurationName = Release;
		};
/* End XCConfigurationList section */
	};
	rootObject = 2C70ACCE25635C5600965B64 /* Project object */;
}
